{
  "name": "vuepress-easymalayalam",
  "version": "1.0.0",
  "lockfileVersion": 1,
  "requires": true,
  "dependencies": {
    "@vssue/api-github-v3": {
      "version": "1.4.7",
      "resolved": "https://registry.npmjs.org/@vssue/api-github-v3/-/api-github-v3-1.4.7.tgz",
      "integrity": "sha512-ukhOnzGQarmj606ZiYN9iCMyr3EJS3YEPdZXX+zBLVsuzjTL5ffLbbpXsEtPBh2XNt3Ig3XdzCvA9bVXhwy4mQ==",
      "dev": true,
      "requires": {
        "@vssue/utils": "^1.4.7",
        "axios": "^0.21.1"
      }
    },
    "@vssue/utils": {
      "version": "1.4.7",
      "resolved": "https://registry.npmjs.org/@vssue/utils/-/utils-1.4.7.tgz",
      "integrity": "sha512-e94karP4szmSNT2L4bgIT+VGToBSY3bdlgmGcomcD2qCXTWDK4krSOYm8ES+BhHTcmCvzQYU/xenHR4tzrythA==",
      "dev": true,
      "requires": {
        "date-fns": "^1.29.0",
        "qs": "^6.6.0"
      }
    },
    "@vssue/vuepress-plugin-vssue": {
      "version": "1.4.7",
      "resolved": "https://registry.npmjs.org/@vssue/vuepress-plugin-vssue/-/vuepress-plugin-vssue-1.4.7.tgz",
      "integrity": "sha512-ZhXwExrEQYGmDmJ9R/b8UkwpPzm7HOfspMxjxB4qMketICb+7rmu20ppCUwpM74YjbndQXYD4LBNbe+kAlMfUA==",
      "dev": true,
      "requires": {
        "vssue": "^1.4.7"
      }
    },
    "@vuepress/plugin-blog": {
      "version": "1.9.3",
      "resolved": "https://registry.npmjs.org/@vuepress/plugin-blog/-/plugin-blog-1.9.3.tgz",
      "integrity": "sha512-HUv2pPg1u58NEJukeNPixbJcsIKgNLaEk3FjYq8VIeCkmrODIi7YrDam7+g+GzQyrIkm/xYfEiE0Y/TSX5crFw==",
      "dev": true,
      "requires": {
        "@vssue/api-github-v3": "^1.1.2",
        "@vssue/vuepress-plugin-vssue": "^1.2.0",
        "dayjs": "^1.8.19",
        "vuejs-paginate": "^2.1.0",
        "vuepress-plugin-disqus": "^0.2.0",
        "vuepress-plugin-feed": "^0.1.8",
        "vuepress-plugin-mailchimp": "^1.4.1",
        "vuepress-plugin-sitemap": "^2.3.1"
      }
    },
    "axios": {
      "version": "0.21.1",
      "resolved": "https://registry.npmjs.org/axios/-/axios-0.21.1.tgz",
      "integrity": "sha512-dKQiRHxGD9PPRIUNIWvZhPTPpl1rf/OxTYKsqKUDjBwYylTvV7SjSHJb9ratfyzM6wCdLCOYLzs73qpg5c4iGA==",
      "dev": true,
      "requires": {
        "follow-redirects": "^1.10.0"
      }
    },
    "date-fns": {
      "version": "1.30.1",
      "resolved": "https://registry.npmjs.org/date-fns/-/date-fns-1.30.1.tgz",
      "integrity": "sha512-hBSVCvSmWC+QypYObzwGOd9wqdDpOt+0wl0KbU+R+uuZBS1jN8VsD1ss3irQDknRj5NvxiTF6oj/nDRnN/UQNw==",
      "dev": true
    },
    "dayjs": {
      "version": "1.10.2",
      "resolved": "https://registry.npmjs.org/dayjs/-/dayjs-1.10.2.tgz",
      "integrity": "sha512-h/YtykNNTR8Qgtd1Fxl5J1/SFP1b7SOk/M1P+Re+bCdFMV0IMkuKNgHPN7rlvvuhfw24w0LX78iYKt4YmePJNQ==",
      "dev": true
    },
    "debug": {
      "version": "2.6.9",
      "resolved": "https://registry.npmjs.org/debug/-/debug-2.6.9.tgz",
      "integrity": "sha512-bC7ElrdJaJnPbAP+1EotYvqZsb3ecl5wi6Bfi6BJTUcNowp6cvspg0jXznRTKDjm/E7AdgFBVeAPVMNcKGsHMA==",
      "dev": true,
      "requires": {
        "ms": "2.0.0"
      }
    },
    "decode-uri-component": {
      "version": "0.2.0",
      "resolved": "https://registry.npmjs.org/decode-uri-component/-/decode-uri-component-0.2.0.tgz",
      "integrity": "sha1-6zkTMzRYd1y4TNGh+uBiEGu4dUU=",
      "dev": true
    },
    "feed": {
      "version": "2.0.4",
      "resolved": "https://registry.npmjs.org/feed/-/feed-2.0.4.tgz",
      "integrity": "sha512-sWatfulDP6d18qVaWcu34qmq9ml6UeN6nHSBJpNZ2muBqxjPAdT375whPYAHP+gqLfyabtYU5qf2Dv4nqtlp0w==",
      "dev": true,
      "requires": {
        "luxon": "^1.3.3",
        "xml": "^1.0.1"
      }
    },
    "follow-redirects": {
      "version": "1.13.1",
      "resolved": "https://registry.npmjs.org/follow-redirects/-/follow-redirects-1.13.1.tgz",
      "integrity": "sha512-SSG5xmZh1mkPGyKzjZP8zLjltIfpW32Y5QpdNJyjcfGxK3qo3NDDkZOZSFiGn1A6SclQxY9GzEwAHQ3dmYRWpg==",
      "dev": true
    },
    "github-markdown-css": {
      "version": "3.0.1",
      "resolved": "https://registry.npmjs.org/github-markdown-css/-/github-markdown-css-3.0.1.tgz",
      "integrity": "sha512-9G5CIPsHoyk5ObDsb/H4KTi23J8KE1oDd4KYU51qwqeM+lKWAiO7abpSgCkyWswgmSKBiuE7/4f8xUz7f2qAiQ==",
      "dev": true
    },
    "jsonp": {
      "version": "0.2.1",
      "resolved": "https://registry.npmjs.org/jsonp/-/jsonp-0.2.1.tgz",
      "integrity": "sha1-pltPoPEL2nGaBUQep7lMVfPhW64=",
      "dev": true,
      "requires": {
        "debug": "^2.1.3"
      }
    },
    "lodash.chunk": {
      "version": "4.2.0",
      "resolved": "https://registry.npmjs.org/lodash.chunk/-/lodash.chunk-4.2.0.tgz",
      "integrity": "sha1-ZuXOH3btJ7QwPYxlEujRIW6BBrw=",
      "dev": true
    },
    "lodash.defaultsdeep": {
      "version": "4.6.1",
      "resolved": "https://registry.npmjs.org/lodash.defaultsdeep/-/lodash.defaultsdeep-4.6.1.tgz",
      "integrity": "sha512-3j8wdDzYuWO3lM3Reg03MuQR957t287Rpcxp1njpEa8oDrikb+FwGdW3n+FELh/A6qib6yPit0j/pv9G/yeAqA==",
      "dev": true
    },
    "lodash.isempty": {
      "version": "4.4.0",
      "resolved": "https://registry.npmjs.org/lodash.isempty/-/lodash.isempty-4.4.0.tgz",
      "integrity": "sha1-b4bL7di+TsmHvpqvM8loTbGzHn4=",
      "dev": true
    },
    "lodash.padstart": {
      "version": "4.6.1",
      "resolved": "https://registry.npmjs.org/lodash.padstart/-/lodash.padstart-4.6.1.tgz",
      "integrity": "sha1-0uPuv/DZ05rVD1y9G1KnvOa7YRs=",
      "dev": true
    },
    "lodash.sortby": {
      "version": "4.7.0",
      "resolved": "https://registry.npmjs.org/lodash.sortby/-/lodash.sortby-4.7.0.tgz",
      "integrity": "sha1-7dFMgk4sycHgsKG0K7UhBRakJDg=",
      "dev": true
    },
    "lodash.trimend": {
      "version": "4.5.1",
      "resolved": "https://registry.npmjs.org/lodash.trimend/-/lodash.trimend-4.5.1.tgz",
      "integrity": "sha1-EoBENyhrmMrYmWt5QU4RMAEUCC8=",
      "dev": true
    },
    "lodash.trimstart": {
      "version": "4.5.1",
      "resolved": "https://registry.npmjs.org/lodash.trimstart/-/lodash.trimstart-4.5.1.tgz",
      "integrity": "sha1-j/TexTLYJIavWVc8OURZFOlEp/E=",
      "dev": true
    },
    "luxon": {
      "version": "1.25.0",
      "resolved": "https://registry.npmjs.org/luxon/-/luxon-1.25.0.tgz",
      "integrity": "sha512-hEgLurSH8kQRjY6i4YLey+mcKVAWXbDNlZRmM6AgWDJ1cY3atl8Ztf5wEY7VBReFbmGnwQPz7KYJblL8B2k0jQ==",
      "dev": true
    },
    "ms": {
      "version": "2.0.0",
      "resolved": "https://registry.npmjs.org/ms/-/ms-2.0.0.tgz",
      "integrity": "sha1-VgiurfwAvmwpAd9fmGF4jeDVl8g=",
      "dev": true
    },
    "punycode": {
      "version": "2.1.1",
      "resolved": "https://registry.npmjs.org/punycode/-/punycode-2.1.1.tgz",
      "integrity": "sha512-XRsRjdf+j5ml+y/6GKHPZbrF/8p2Yga0JPtdqTIY2Xe5ohJPD9saDJJLPvp9+NSBprVvevdXZybnj2cv8OEd0A==",
      "dev": true
    },
    "qs": {
      "version": "6.9.4",
      "resolved": "https://registry.npmjs.org/qs/-/qs-6.9.4.tgz",
      "integrity": "sha512-A1kFqHekCTM7cz0udomYUoYNWjBebHm/5wzU/XqrBRBNWectVH0QIiN+NEcZ0Dte5hvzHwbr8+XQmguPhJ6WdQ==",
      "dev": true
    },
    "query-string": {
      "version": "6.13.8",
      "resolved": "https://registry.npmjs.org/query-string/-/query-string-6.13.8.tgz",
      "integrity": "sha512-jxJzQI2edQPE/NPUOusNjO/ZOGqr1o2OBa/3M00fU76FsLXDVbJDv/p7ng5OdQyorKrkRz1oqfwmbe5MAMePQg==",
      "dev": true,
      "requires": {
        "decode-uri-component": "^0.2.0",
        "split-on-first": "^1.0.0",
        "strict-uri-encode": "^2.0.0"
      }
    },
    "remove-markdown": {
      "version": "0.3.0",
      "resolved": "https://registry.npmjs.org/remove-markdown/-/remove-markdown-0.3.0.tgz",
      "integrity": "sha1-XktmdJOpNXlyjz1S7MHbnKUF3Jg=",
      "dev": true
    },
    "sitemap": {
      "version": "3.2.2",
      "resolved": "https://registry.npmjs.org/sitemap/-/sitemap-3.2.2.tgz",
      "integrity": "sha512-TModL/WU4m2q/mQcrDgNANn0P4LwprM9MMvG4hu5zP4c6IIKs2YLTu6nXXnNr8ODW/WFtxKggiJ1EGn2W0GNmg==",
      "dev": true,
      "requires": {
        "lodash.chunk": "^4.2.0",
        "lodash.padstart": "^4.6.1",
        "whatwg-url": "^7.0.0",
        "xmlbuilder": "^13.0.0"
      }
    },
    "split-on-first": {
      "version": "1.1.0",
      "resolved": "https://registry.npmjs.org/split-on-first/-/split-on-first-1.1.0.tgz",
      "integrity": "sha512-43ZssAJaMusuKWL8sKUBQXHWOpq8d6CfN/u1p4gUzfJkM05C8rxTmYrkIPTXapZpORA6LkkzcUulJ8FqA7Uudw==",
      "dev": true
    },
    "strict-uri-encode": {
      "version": "2.0.0",
      "resolved": "https://registry.npmjs.org/strict-uri-encode/-/strict-uri-encode-2.0.0.tgz",
      "integrity": "sha1-ucczDHBChi9rFC3CdLvMWGbONUY=",
      "dev": true
    },
    "striptags": {
      "version": "3.1.1",
      "resolved": "https://registry.npmjs.org/striptags/-/striptags-3.1.1.tgz",
      "integrity": "sha1-yMPn/db7S7OjKjt1LltePjgJPr0=",
      "dev": true
    },
    "tr46": {
      "version": "1.0.1",
      "resolved": "https://registry.npmjs.org/tr46/-/tr46-1.0.1.tgz",
      "integrity": "sha1-qLE/1r/SSJUZZ0zN5VujaTtwbQk=",
      "dev": true,
      "requires": {
        "punycode": "^2.1.0"
      }
    },
    "vssue": {
      "version": "1.4.7",
      "resolved": "https://registry.npmjs.org/vssue/-/vssue-1.4.7.tgz",
      "integrity": "sha512-o5Yns1lIlews+4c9Vm6n4gL58dggChHRz9VyVZuAGQaTGTe6CJ04O3zhoAcEUIeMWPrv3oUljqJvKBdQmFk0cg==",
      "dev": true,
      "requires": {
        "@vssue/utils": "^1.4.7",
        "github-markdown-css": "^3.0.1",
        "vue": "^2.6.10",
        "vue-i18n": "^8.11.2",
        "vue-property-decorator": "^8.1.1"
      }
    },
    "vue": {
      "version": "2.6.12",
      "resolved": "https://registry.npmjs.org/vue/-/vue-2.6.12.tgz",
      "integrity": "sha512-uhmLFETqPPNyuLLbsKz6ioJ4q7AZHzD8ZVFNATNyICSZouqP2Sz0rotWQC8UNBF6VGSCs5abnKJoStA6JbCbfg==",
      "dev": true
    },
    "vue-class-component": {
      "version": "7.2.6",
      "resolved": "https://registry.npmjs.org/vue-class-component/-/vue-class-component-7.2.6.tgz",
      "integrity": "sha512-+eaQXVrAm/LldalI272PpDe3+i4mPis0ORiMYxF6Ae4hyuCh15W8Idet7wPUEs4N4YptgFHGys4UrgNQOMyO6w==",
      "dev": true
    },
    "vue-disqus": {
      "version": "3.0.5",
      "resolved": "https://registry.npmjs.org/vue-disqus/-/vue-disqus-3.0.5.tgz",
      "integrity": "sha512-T3Y68lXf5W2lYt6j4Y3kZ4opLPH0EAzqriy11MS4D4Q2+UN0tFuUXeYP1MxfvdyaCEboXSM6CUswxsULuNV70Q==",
      "dev": true
    },
    "vue-i18n": {
      "version": "8.22.2",
      "resolved": "https://registry.npmjs.org/vue-i18n/-/vue-i18n-8.22.2.tgz",
      "integrity": "sha512-rb569fVJInPUgS/bbCxEQ9DrAoFTntuJvYoK4Fpk2VfNbA09WzdTKk57ppjz3S+ps9hW+p9H+2ASgMvojedkow==",
      "dev": true
    },
    "vue-property-decorator": {
      "version": "8.5.1",
      "resolved": "https://registry.npmjs.org/vue-property-decorator/-/vue-property-decorator-8.5.1.tgz",
      "integrity": "sha512-O6OUN2OMsYTGPvgFtXeBU3jPnX5ffQ9V4I1WfxFQ6dqz6cOUbR3Usou7kgFpfiXDvV7dJQSFcJ5yUPgOtPPm1Q==",
      "dev": true,
      "requires": {
        "vue-class-component": "^7.1.0"
      }
    },
    "vuejs-paginate": {
      "version": "2.1.0",
      "resolved": "https://registry.npmjs.org/vuejs-paginate/-/vuejs-paginate-2.1.0.tgz",
      "integrity": "sha512-gnwyXlmCiDOu9MLWxN5UJ4PGijKGNOMpHG8ujsrynCzTJljn/rp7Jq0WiDGDAMi5/u0AHuYIHhced+tUW4jblA==",
      "dev": true
    },
    "vuepress-plugin-disqus": {
      "version": "0.2.0",
      "resolved": "https://registry.npmjs.org/vuepress-plugin-disqus/-/vuepress-plugin-disqus-0.2.0.tgz",
      "integrity": "sha512-kx+AeVzjJ9lx9bufLt1/X35V1VXfnQ1srkDMIzFKD9NyQ3eycsWQRcGO1dFe1HMrY3+7fTu+1/JeUEUEpGZ5tw==",
      "dev": true,
      "requires": {
        "vue-disqus": "^3.0.5"
      }
    },
    "vuepress-plugin-feed": {
      "version": "0.1.9",
      "resolved": "https://registry.npmjs.org/vuepress-plugin-feed/-/vuepress-plugin-feed-0.1.9.tgz",
      "integrity": "sha512-iOJkR7zPmJAX0TEVdxNsUT07xNQB6lZFpU7DqsYzO01FhaPkMOOVM5Vx5a/iOOuOggAeoI9H9yuah+cRmCImlw==",
      "dev": true,
      "requires": {
        "feed": "2.0.4",
        "lodash.defaultsdeep": "4.6.1",
        "lodash.isempty": "4.4.0",
        "lodash.trimend": "^4.5.1",
        "lodash.trimstart": "^4.5.1",
        "remove-markdown": "0.3.0",
        "striptags": "3.1.1"
      }
    },
    "vuepress-plugin-mailchimp": {
      "version": "1.4.2",
      "resolved": "https://registry.npmjs.org/vuepress-plugin-mailchimp/-/vuepress-plugin-mailchimp-1.4.2.tgz",
      "integrity": "sha512-4t5ZaKZXu5ZkwgE+WW//7CgXgz6DEhRefGrO5aql4PwapauNXlHKgQ2JMf9FRe5y5WHjNpDHYveEDNzISZmxJw==",
      "dev": true,
      "requires": {
        "jsonp": "^0.2.1",
        "query-string": "^6.9.0"
      }
    },
    "vuepress-plugin-sitemap": {
      "version": "2.3.1",
      "resolved": "https://registry.npmjs.org/vuepress-plugin-sitemap/-/vuepress-plugin-sitemap-2.3.1.tgz",
      "integrity": "sha512-n+8lbukhrKrsI9H/EX0EBgkE1pn85LAQFvQ5dIvrZP4Kz6JxPOPPNTQmZMhahQV1tXbLZQCEN7A1WZH4x+arJQ==",
      "dev": true,
      "requires": {
        "sitemap": "^3.0.0"
      }
    },
    "webidl-conversions": {
      "version": "4.0.2",
      "resolved": "https://registry.npmjs.org/webidl-conversions/-/webidl-conversions-4.0.2.tgz",
      "integrity": "sha512-YQ+BmxuTgd6UXZW3+ICGfyqRyHXVlD5GtQr5+qjiNW7bF0cqrzX500HVXPBOvgXb5YnzDd+h0zqyv61KUD7+Sg==",
      "dev": true
    },
    "whatwg-url": {
      "version": "7.1.0",
      "resolved": "https://registry.npmjs.org/whatwg-url/-/whatwg-url-7.1.0.tgz",
      "integrity": "sha512-WUu7Rg1DroM7oQvGWfOiAK21n74Gg+T4elXEQYkOhtyLeWiJFoOGLXPKI/9gzIie9CtwVLm8wtw6YJdKyxSjeg==",
      "dev": true,
      "requires": {
        "lodash.sortby": "^4.7.0",
        "tr46": "^1.0.1",
        "webidl-conversions": "^4.0.2"
      }
    },
    "xml": {
      "version": "1.0.1",
      "resolved": "https://registry.npmjs.org/xml/-/xml-1.0.1.tgz",
      "integrity": "sha1-eLpyAgApxbyHuKgaPPzXS0ovweU=",
      "dev": true
    },
    "xmlbuilder": {
      "version": "13.0.2",
      "resolved": "https://registry.npmjs.org/xmlbuilder/-/xmlbuilder-13.0.2.tgz",
      "integrity": "sha512-Eux0i2QdDYKbdbA6AM6xE4m6ZTZr4G4xF9kahI2ukSEMCzwce2eX9WlTI5J3s+NU7hpasFsr8hWIONae7LluAQ==",
      "dev": true
    }
  }
}
